
Microsoft Visual Studio Solution File, Format Version 12.00
# Visual Studio Version 17
VisualStudioVersion = 17.2.32516.85
MinimumVisualStudioVersion = 10.0.40219.1
Project("{FAE04EC0-301F-11D3-BF4B-00C04F79EFBC}") = "PhuLongCRM.Android", "PhuLongCRM.Android\PhuLongCRM.Android.csproj", "{73E2A052-0ECE-4FEC-9CBD-7E8E04442044}"
EndProject
Project("{FAE04EC0-301F-11D3-BF4B-00C04F79EFBC}") = "PhuLongCRM.iOS", "PhuLongCRM.iOS\PhuLongCRM.iOS.csproj", "{E42FA166-8272-48DE-A3D3-D5FC4F1AA7C0}"
EndProject
Project("{9A19103F-16F7-4668-BE54-9A1E7A4F7556}") = "PhuLongCRM", "PhuLongCRM\PhuLongCRM.csproj", "{0149556D-DDA3-40DE-A55B-5B5D55887044}"
EndProject
Global
	GlobalSection(SolutionConfigurationPlatforms) = preSolution
		Debug|Any CPU = Debug|Any CPU
		Debug|iPhone = Debug|iPhone
		Debug|iPhoneSimulator = Debug|iPhoneSimulator
		Release|Any CPU = Release|Any CPU
		Release|iPhone = Release|iPhone
		Release|iPhoneSimulator = Release|iPhoneSimulator
	EndGlobalSection
	GlobalSection(ProjectConfigurationPlatforms) = postSolution
		{73E2A052-0ECE-4FEC-9CBD-7E8E04442044}.Debug|Any CPU.ActiveCfg = Debug|Any CPU
		{73E2A052-0ECE-4FEC-9CBD-7E8E04442044}.Debug|Any CPU.Deploy.0 = Debug|Any CPU
		{73E2A052-0ECE-4FEC-9CBD-7E8E04442044}.Debug|iPhone.ActiveCfg = Debug|Any CPU
		{73E2A052-0ECE-4FEC-9CBD-7E8E04442044}.Debug|iPhone.Build.0 = Debug|Any CPU
		{73E2A052-0ECE-4FEC-9CBD-7E8E04442044}.Debug|iPhoneSimulator.ActiveCfg = Debug|Any CPU
		{73E2A052-0ECE-4FEC-9CBD-7E8E04442044}.Debug|iPhoneSimulator.Build.0 = Debug|Any CPU
		{73E2A052-0ECE-4FEC-9CBD-7E8E04442044}.Release|Any CPU.ActiveCfg = Release|Any CPU
		{73E2A052-0ECE-4FEC-9CBD-7E8E04442044}.Release|Any CPU.Build.0 = Release|Any CPU
		{73E2A052-0ECE-4FEC-9CBD-7E8E04442044}.Release|Any CPU.Deploy.0 = Release|Any CPU
		{73E2A052-0ECE-4FEC-9CBD-7E8E04442044}.Release|iPhone.ActiveCfg = Release|Any CPU
		{73E2A052-0ECE-4FEC-9CBD-7E8E04442044}.Release|iPhone.Build.0 = Release|Any CPU
		{73E2A052-0ECE-4FEC-9CBD-7E8E04442044}.Release|iPhoneSimulator.ActiveCfg = Release|Any CPU
		{73E2A052-0ECE-4FEC-9CBD-7E8E04442044}.Release|iPhoneSimulator.Build.0 = Release|Any CPU
		{73E2A052-0ECE-4FEC-9CBD-7E8E04442044}.Debug|Any CPU.Build.0 = Debug|Any CPU
		{E42FA166-8272-48DE-A3D3-D5FC4F1AA7C0}.Debug|Any CPU.ActiveCfg = Debug|iPhoneSimulator
		{E42FA166-8272-48DE-A3D3-D5FC4F1AA7C0}.Debug|Any CPU.Build.0 = Debug|iPhoneSimulator
		{E42FA166-8272-48DE-A3D3-D5FC4F1AA7C0}.Debug|iPhone.ActiveCfg = Debug|iPhone
		{E42FA166-8272-48DE-A3D3-D5FC4F1AA7C0}.Debug|iPhone.Build.0 = Debug|iPhone
		{E42FA166-8272-48DE-A3D3-D5FC4F1AA7C0}.Debug|iPhoneSimulator.ActiveCfg = Debug|iPhoneSimulator
		{E42FA166-8272-48DE-A3D3-D5FC4F1AA7C0}.Debug|iPhoneSimulator.Build.0 = Debug|iPhoneSimulator
		{E42FA166-8272-48DE-A3D3-D5FC4F1AA7C0}.Release|Any CPU.ActiveCfg = Release|iPhoneSimulator
		{E42FA166-8272-48DE-A3D3-D5FC4F1AA7C0}.Release|Any CPU.Build.0 = Release|iPhoneSimulator
		{E42FA166-8272-48DE-A3D3-D5FC4F1AA7C0}.Release|iPhone.ActiveCfg = Release|iPhone
		{E42FA166-8272-48DE-A3D3-D5FC4F1AA7C0}.Release|iPhone.Build.0 = Release|iPhone
		{E42FA166-8272-48DE-A3D3-D5FC4F1AA7C0}.Release|iPhoneSimulator.ActiveCfg = Release|iPhoneSimulator
		{E42FA166-8272-48DE-A3D3-D5FC4F1AA7C0}.Release|iPhoneSimulator.Build.0 = Release|iPhoneSimulator
		{0149556D-DDA3-40DE-A55B-5B5D55887044}.Debug|Any CPU.ActiveCfg = Debug|Any CPU
		{0149556D-DDA3-40DE-A55B-5B5D55887044}.Debug|Any CPU.Build.0 = Debug|Any CPU
		{0149556D-DDA3-40DE-A55B-5B5D55887044}.Debug|iPhone.ActiveCfg = Debug|Any CPU
		{0149556D-DDA3-40DE-A55B-5B5D55887044}.Debug|iPhone.Build.0 = Debug|Any CPU
		{0149556D-DDA3-40DE-A55B-5B5D55887044}.Debug|iPhoneSimulator.ActiveCfg = Debug|Any CPU
		{0149556D-DDA3-40DE-A55B-5B5D55887044}.Debug|iPhoneSimulator.Build.0 = Debug|Any CPU
		{0149556D-DDA3-40DE-A55B-5B5D55887044}.Release|Any CPU.ActiveCfg = Release|Any CPU
		{0149556D-DDA3-40DE-A55B-5B5D55887044}.Release|Any CPU.Build.0 = Release|Any CPU
		{0149556D-DDA3-40DE-A55B-5B5D55887044}.Release|iPhone.ActiveCfg = Release|Any CPU
		{0149556D-DDA3-40DE-A55B-5B5D55887044}.Release|iPhone.Build.0 = Release|Any CPU
		{0149556D-DDA3-40DE-A55B-5B5D55887044}.Release|iPhoneSimulator.ActiveCfg = Release|Any CPU
		{0149556D-DDA3-40DE-A55B-5B5D55887044}.Release|iPhoneSimulator.Build.0 = Release|Any CPU
	EndGlobalSection
	GlobalSection(SolutionProperties) = preSolution
		HideSolutionNode = FALSE
	EndGlobalSection
	GlobalSection(ExtensibilityGlobals) = postSolution
		SolutionGuid = {8FEAE708-5788-447E-BB49-2F9DD81C0950}
	EndGlobalSection
EndGlobal
